
Microsoft Visual Studio Solution File, Format Version 12.00
# Visual Studio Express 2012 for Web
Project("{FAE04EC0-301F-11D3-BF4B-00C04F79EFBC}") = "OCRdsk", "OCRdsk\OCRdsk.csproj", "{5D29D62C-FA78-4B1D-9E35-C44415D513DB}"
EndProject
Global
	GlobalSection(SolutionConfigurationPlatforms) = preSolution
		Debug|Any CPU = Debug|Any CPU
		Release|Any CPU = Release|Any CPU
	EndGlobalSection
	GlobalSection(ProjectConfigurationPlatforms) = postSolution
		{5D29D62C-FA78-4B1D-9E35-C44415D513DB}.Debug|Any CPU.ActiveCfg = Debug|Any CPU
		{5D29D62C-FA78-4B1D-9E35-C44415D513DB}.Debug|Any CPU.Build.0 = Debug|Any CPU
		{5D29D62C-FA78-4B1D-9E35-C44415D513DB}.Release|Any CPU.ActiveCfg = Release|Any CPU
		{5D29D62C-FA78-4B1D-9E35-C44415D513DB}.Release|Any CPU.Build.0 = Release|Any CPU
	EndGlobalSection
	GlobalSection(SolutionProperties) = preSolution
		HideSolutionNode = FALSE
	EndGlobalSection
EndGlobal
